{
  "version": 4,
  "terraform_version": "1.2.5",
  "serial": 5,
  "lineage": "bc48b3e4-59dd-5d55-50da-b346fea751fa",
  "outputs": {},
  "resources": [
    {
      "mode": "managed",
      "type": "azurerm_resource_group",
      "name": "rg",
      "provider": "provider[\"registry.terraform.io/hashicorp/azurerm\"]",
      "instances": [
        {
          "schema_version": 0,
          "attributes": {
            "id": "/subscriptions/44d288d3-9f96-4784-94a8-b5bd88257c6a/resourceGroups/example-resources",
            "location": "westeurope",
            "name": "example-resources",
            "tags": {},
            "timeouts": null
          },
          "sensitive_attributes": [],
          "private": "eyJlMmJmYjczMC1lY2FhLTExZTYtOGY4OC0zNDM2M2JjN2M0YzAiOnsiY3JlYXRlIjo1NDAwMDAwMDAwMDAwLCJkZWxldGUiOjU0MDAwMDAwMDAwMDAsInJlYWQiOjMwMDAwMDAwMDAwMCwidXBkYXRlIjo1NDAwMDAwMDAwMDAwfX0="
        }
      ]
    },
    {
      "mode": "managed",
      "type": "azurerm_storage_account",
      "name": "sa",
      "provider": "provider[\"registry.terraform.io/hashicorp/azurerm\"]",
      "instances": [
        {
          "schema_version": 3,
          "attributes": {
            "access_tier": "Hot",
            "account_kind": "StorageV2",
            "account_replication_type": "GRS",
            "account_tier": "Standard",
            "allow_nested_items_to_be_public": true,
            "azure_files_authentication": [],
            "blob_properties": [
              {
                "change_feed_enabled": false,
                "change_feed_retention_in_days": 0,
                "container_delete_retention_policy": [],
                "cors_rule": [],
                "default_service_version": "",
                "delete_retention_policy": [],
                "last_access_time_enabled": false,
                "versioning_enabled": false
              }
            ],
            "cross_tenant_replication_enabled": true,
            "custom_domain": [],
            "customer_managed_key": [],
            "edge_zone": "",
            "enable_https_traffic_only": true,
            "id": "/subscriptions/44d288d3-9f96-4784-94a8-b5bd88257c6a/resourceGroups/example-resources/providers/Microsoft.Storage/storageAccounts/sanewevergreeen",
            "identity": [],
            "infrastructure_encryption_enabled": false,
            "is_hns_enabled": false,
            "large_file_share_enabled": null,
            "location": "westeurope",
            "min_tls_version": "TLS1_2",
            "name": "sanewevergreeen",
            "network_rules": [
              {
                "bypass": [
                  "AzureServices"
                ],
                "default_action": "Allow",
                "ip_rules": [],
                "private_link_access": [],
                "virtual_network_subnet_ids": []
              }
            ],
            "nfsv3_enabled": false,
            "primary_access_key": "nZVjFEDqOola6XPDo1pmC71n32fGR77PW3pkUoYaysG/kq0+wlNGc33ybBjT94JEVOhO7xv9pu0D+AStX4xdmg==",
            "primary_blob_connection_string": "DefaultEndpointsProtocol=https;BlobEndpoint=https://sanewevergreeen.blob.core.windows.net/;AccountName=sanewevergreeen;AccountKey=nZVjFEDqOola6XPDo1pmC71n32fGR77PW3pkUoYaysG/kq0+wlNGc33ybBjT94JEVOhO7xv9pu0D+AStX4xdmg==",
            "primary_blob_endpoint": "https://sanewevergreeen.blob.core.windows.net/",
            "primary_blob_host": "sanewevergreeen.blob.core.windows.net",
            "primary_connection_string": "DefaultEndpointsProtocol=https;AccountName=sanewevergreeen;AccountKey=nZVjFEDqOola6XPDo1pmC71n32fGR77PW3pkUoYaysG/kq0+wlNGc33ybBjT94JEVOhO7xv9pu0D+AStX4xdmg==;EndpointSuffix=core.windows.net",
            "primary_dfs_endpoint": "https://sanewevergreeen.dfs.core.windows.net/",
            "primary_dfs_host": "sanewevergreeen.dfs.core.windows.net",
            "primary_file_endpoint": "https://sanewevergreeen.file.core.windows.net/",
            "primary_file_host": "sanewevergreeen.file.core.windows.net",
            "primary_location": "westeurope",
            "primary_queue_endpoint": "https://sanewevergreeen.queue.core.windows.net/",
            "primary_queue_host": "sanewevergreeen.queue.core.windows.net",
            "primary_table_endpoint": "https://sanewevergreeen.table.core.windows.net/",
            "primary_table_host": "sanewevergreeen.table.core.windows.net",
            "primary_web_endpoint": "https://sanewevergreeen.z6.web.core.windows.net/",
            "primary_web_host": "sanewevergreeen.z6.web.core.windows.net",
            "queue_encryption_key_type": "Service",
            "queue_properties": [
              {
                "cors_rule": [],
                "hour_metrics": [
                  {
                    "enabled": true,
                    "include_apis": true,
                    "retention_policy_days": 7,
                    "version": "1.0"
                  }
                ],
                "logging": [
                  {
                    "delete": false,
                    "read": false,
                    "retention_policy_days": 0,
                    "version": "1.0",
                    "write": false
                  }
                ],
                "minute_metrics": [
                  {
                    "enabled": false,
                    "include_apis": false,
                    "retention_policy_days": 0,
                    "version": "1.0"
                  }
                ]
              }
            ],
            "resource_group_name": "example-resources",
            "routing": [],
            "secondary_access_key": "VSBq8sOaTfPqr+JMH38RITkh0QkvlR5SFHc1PW0Qt+kO3Jq0Rz5HlcqBlAqL7TEo+OJhUw+n91cK+AStgpQppg==",
            "secondary_blob_connection_string": "",
            "secondary_blob_endpoint": null,
            "secondary_blob_host": null,
            "secondary_connection_string": "DefaultEndpointsProtocol=https;AccountName=sanewevergreeen;AccountKey=VSBq8sOaTfPqr+JMH38RITkh0QkvlR5SFHc1PW0Qt+kO3Jq0Rz5HlcqBlAqL7TEo+OJhUw+n91cK+AStgpQppg==;EndpointSuffix=core.windows.net",
            "secondary_dfs_endpoint": null,
            "secondary_dfs_host": null,
            "secondary_file_endpoint": null,
            "secondary_file_host": null,
            "secondary_location": "northeurope",
            "secondary_queue_endpoint": null,
            "secondary_queue_host": null,
            "secondary_table_endpoint": null,
            "secondary_table_host": null,
            "secondary_web_endpoint": null,
            "secondary_web_host": null,
            "share_properties": [
              {
                "cors_rule": [],
                "retention_policy": [
                  {
                    "days": 7
                  }
                ],
                "smb": []
              }
            ],
            "shared_access_key_enabled": true,
            "static_website": [],
            "table_encryption_key_type": "Service",
            "tags": {
              "environment": "staging"
            },
            "timeouts": null
          },
          "sensitive_attributes": [],
          "private": "eyJlMmJmYjczMC1lY2FhLTExZTYtOGY4OC0zNDM2M2JjN2M0YzAiOnsiY3JlYXRlIjozNjAwMDAwMDAwMDAwLCJkZWxldGUiOjM2MDAwMDAwMDAwMDAsInJlYWQiOjMwMDAwMDAwMDAwMCwidXBkYXRlIjozNjAwMDAwMDAwMDAwfSwic2NoZW1hX3ZlcnNpb24iOiIzIn0=",
          "dependencies": [
            "azurerm_resource_group.rg"
          ]
        }
      ]
    }
  ]
}
